
Microsoft Visual Studio Solution File, Format Version 12.00
# Visual Studio Version 17
VisualStudioVersion = 17.6.33723.286
MinimumVisualStudioVersion = 10.0.40219.1
Project("{FAE04EC0-301F-11D3-BF4B-00C04F79EFBC}") = "WebApI172", "WebApI172\WebApI172.csproj", "{BBA89338-937E-476F-A641-49D22CD6D64B}"
EndProject
Global
	GlobalSection(SolutionConfigurationPlatforms) = preSolution
		Debug|Any CPU = Debug|Any CPU
		Release|Any CPU = Release|Any CPU
	EndGlobalSection
	GlobalSection(ProjectConfigurationPlatforms) = postSolution
		{BBA89338-937E-476F-A641-49D22CD6D64B}.Debug|Any CPU.ActiveCfg = Debug|Any CPU
		{BBA89338-937E-476F-A641-49D22CD6D64B}.Debug|Any CPU.Build.0 = Debug|Any CPU
		{BBA89338-937E-476F-A641-49D22CD6D64B}.Release|Any CPU.ActiveCfg = Release|Any CPU
		{BBA89338-937E-476F-A641-49D22CD6D64B}.Release|Any CPU.Build.0 = Release|Any CPU
	EndGlobalSection
	GlobalSection(SolutionProperties) = preSolution
		HideSolutionNode = FALSE
	EndGlobalSection
	GlobalSection(ExtensibilityGlobals) = postSolution
		SolutionGuid = {94393893-DDD7-481D-8394-C7EA0F560341}
	EndGlobalSection
EndGlobal
